
Microsoft Visual Studio Solution File, Format Version 12.00
# Visual Studio Version 17
VisualStudioVersion = 17.2.32602.215
MinimumVisualStudioVersion = 10.0.40219.1
Project("{9A19103F-16F7-4668-BE54-9A1E7A4F7556}") = "ConsoleAppX", "ConsoleAppX\ConsoleAppX.csproj", "{9F8E9B14-D71D-40F8-ABC5-8ADF9DEBAA59}"
EndProject
Project("{9A19103F-16F7-4668-BE54-9A1E7A4F7556}") = "Calc", "Calc\Calc.csproj", "{92273BA5-9BFF-4E5A-B841-266CD22398B9}"
EndProject
Project("{9A19103F-16F7-4668-BE54-9A1E7A4F7556}") = "CodeAlongOns", "CodeAlongOns\CodeAlongOns.csproj", "{108A0D45-6315-432A-85AA-8F38F04E271E}"
EndProject
Project("{9A19103F-16F7-4668-BE54-9A1E7A4F7556}") = "HangMan", "HangMan\HangMan.csproj", "{FB785331-C311-42E5-8610-17DD306903C6}"
EndProject
Project("{9A19103F-16F7-4668-BE54-9A1E7A4F7556}") = "CodeAlongOns2", "CodeAlongOns2\CodeAlongOns2.csproj", "{22B3848D-4C99-4FF6-8811-85DE45CE3608}"
EndProject
Project("{FAE04EC0-301F-11D3-BF4B-00C04F79EFBC}") = "ConsoleAppXTests", "ConsoleAppXTests\ConsoleAppXTests.csproj", "{16B10779-DAF2-423D-B82E-D55922BE52F6}"
EndProject
Global
	GlobalSection(SolutionConfigurationPlatforms) = preSolution
		Debug|Any CPU = Debug|Any CPU
		Release|Any CPU = Release|Any CPU
	EndGlobalSection
	GlobalSection(ProjectConfigurationPlatforms) = postSolution
		{9F8E9B14-D71D-40F8-ABC5-8ADF9DEBAA59}.Debug|Any CPU.ActiveCfg = Debug|Any CPU
		{9F8E9B14-D71D-40F8-ABC5-8ADF9DEBAA59}.Debug|Any CPU.Build.0 = Debug|Any CPU
		{9F8E9B14-D71D-40F8-ABC5-8ADF9DEBAA59}.Release|Any CPU.ActiveCfg = Release|Any CPU
		{9F8E9B14-D71D-40F8-ABC5-8ADF9DEBAA59}.Release|Any CPU.Build.0 = Release|Any CPU
		{92273BA5-9BFF-4E5A-B841-266CD22398B9}.Debug|Any CPU.ActiveCfg = Debug|Any CPU
		{92273BA5-9BFF-4E5A-B841-266CD22398B9}.Debug|Any CPU.Build.0 = Debug|Any CPU
		{92273BA5-9BFF-4E5A-B841-266CD22398B9}.Release|Any CPU.ActiveCfg = Release|Any CPU
		{92273BA5-9BFF-4E5A-B841-266CD22398B9}.Release|Any CPU.Build.0 = Release|Any CPU
		{108A0D45-6315-432A-85AA-8F38F04E271E}.Debug|Any CPU.ActiveCfg = Debug|Any CPU
		{108A0D45-6315-432A-85AA-8F38F04E271E}.Debug|Any CPU.Build.0 = Debug|Any CPU
		{108A0D45-6315-432A-85AA-8F38F04E271E}.Release|Any CPU.ActiveCfg = Release|Any CPU
		{108A0D45-6315-432A-85AA-8F38F04E271E}.Release|Any CPU.Build.0 = Release|Any CPU
		{FB785331-C311-42E5-8610-17DD306903C6}.Debug|Any CPU.ActiveCfg = Debug|Any CPU
		{FB785331-C311-42E5-8610-17DD306903C6}.Debug|Any CPU.Build.0 = Debug|Any CPU
		{FB785331-C311-42E5-8610-17DD306903C6}.Release|Any CPU.ActiveCfg = Release|Any CPU
		{FB785331-C311-42E5-8610-17DD306903C6}.Release|Any CPU.Build.0 = Release|Any CPU
		{22B3848D-4C99-4FF6-8811-85DE45CE3608}.Debug|Any CPU.ActiveCfg = Debug|Any CPU
		{22B3848D-4C99-4FF6-8811-85DE45CE3608}.Debug|Any CPU.Build.0 = Debug|Any CPU
		{22B3848D-4C99-4FF6-8811-85DE45CE3608}.Release|Any CPU.ActiveCfg = Release|Any CPU
		{22B3848D-4C99-4FF6-8811-85DE45CE3608}.Release|Any CPU.Build.0 = Release|Any CPU
		{16B10779-DAF2-423D-B82E-D55922BE52F6}.Debug|Any CPU.ActiveCfg = Debug|Any CPU
		{16B10779-DAF2-423D-B82E-D55922BE52F6}.Debug|Any CPU.Build.0 = Debug|Any CPU
		{16B10779-DAF2-423D-B82E-D55922BE52F6}.Release|Any CPU.ActiveCfg = Release|Any CPU
		{16B10779-DAF2-423D-B82E-D55922BE52F6}.Release|Any CPU.Build.0 = Release|Any CPU
	EndGlobalSection
	GlobalSection(SolutionProperties) = preSolution
		HideSolutionNode = FALSE
	EndGlobalSection
	GlobalSection(ExtensibilityGlobals) = postSolution
		SolutionGuid = {AB2E3D75-575D-4C2A-8A5E-E77F3CCEC643}
	EndGlobalSection
EndGlobal
